
Microsoft Visual Studio Solution File, Format Version 12.00
# Visual Studio Version 17
VisualStudioVersion = 17.0.31919.166
MinimumVisualStudioVersion = 10.0.40219.1
Project("{FAE04EC0-301F-11D3-BF4B-00C04F79EFBC}") = "chatproj", "chatproj\chatproj.csproj", "{1240B643-5B01-47F4-9CEA-0F4FC338C21D}"
EndProject
Global
	GlobalSection(SolutionConfigurationPlatforms) = preSolution
		Debug|Any CPU = Debug|Any CPU
		Release|Any CPU = Release|Any CPU
	EndGlobalSection
	GlobalSection(ProjectConfigurationPlatforms) = postSolution
		{1240B643-5B01-47F4-9CEA-0F4FC338C21D}.Debug|Any CPU.ActiveCfg = Debug|Any CPU
		{1240B643-5B01-47F4-9CEA-0F4FC338C21D}.Debug|Any CPU.Build.0 = Debug|Any CPU
		{1240B643-5B01-47F4-9CEA-0F4FC338C21D}.Release|Any CPU.ActiveCfg = Release|Any CPU
		{1240B643-5B01-47F4-9CEA-0F4FC338C21D}.Release|Any CPU.Build.0 = Release|Any CPU
	EndGlobalSection
	GlobalSection(SolutionProperties) = preSolution
		HideSolutionNode = FALSE
	EndGlobalSection
	GlobalSection(ExtensibilityGlobals) = postSolution
		SolutionGuid = {515980DC-0E9A-44AA-8124-3B99AD258BD8}
	EndGlobalSection
EndGlobal
